// !$*UTF8*$!
{
	archiveVersion = 1;
	classes = {
	};
	objectVersion = 46;
	objects = {

/* Begin PBXBuildFile section */
		0405DCE71DE73F46001F251D /* UIView+Extension.swift in Sources */ = {isa = PBXBuildFile; fileRef = 0405DCE61DE73F46001F251D /* UIView+Extension.swift */; };
		0440F4A91DE5D53900B098D1 /* TYWNavigationController.swift in Sources */ = {isa = PBXBuildFile; fileRef = 0440F4A81DE5D53900B098D1 /* TYWNavigationController.swift */; };
		0440F4B31DE5EFBD00B098D1 /* TYWBaseViewController.swift in Sources */ = {isa = PBXBuildFile; fileRef = 0440F4B21DE5EFBD00B098D1 /* TYWBaseViewController.swift */; };
		0440F4BA1DE5F3D300B098D1 /* TYWCategoryViewController.swift in Sources */ = {isa = PBXBuildFile; fileRef = 0440F4B51DE5F3D300B098D1 /* TYWCategoryViewController.swift */; };
		0440F4BB1DE5F3D300B098D1 /* TYWDanPinViewController.swift in Sources */ = {isa = PBXBuildFile; fileRef = 0440F4B71DE5F3D300B098D1 /* TYWDanPinViewController.swift */; };
		0440F4BC1DE5F3D300B098D1 /* TYWDanTangViewController.swift in Sources */ = {isa = PBXBuildFile; fileRef = 0440F4B91DE5F3D300B098D1 /* TYWDanTangViewController.swift */; };
		0440F4BF1DE5F3E700B098D1 /* TYWMeViewController.swift in Sources */ = {isa = PBXBuildFile; fileRef = 0440F4BE1DE5F3E700B098D1 /* TYWMeViewController.swift */; };
		0440F4C11DE5F43B00B098D1 /* TYWChannel.swift in Sources */ = {isa = PBXBuildFile; fileRef = 0440F4C01DE5F43B00B098D1 /* TYWChannel.swift */; };
		18176FF91DE43EF300039857 /* AppDelegate.swift in Sources */ = {isa = PBXBuildFile; fileRef = 18176FF81DE43EF300039857 /* AppDelegate.swift */; };
		181770001DE43EF300039857 /* Assets.xcassets in Resources */ = {isa = PBXBuildFile; fileRef = 18176FFF1DE43EF300039857 /* Assets.xcassets */; };
		181770031DE43EF300039857 /* LaunchScreen.storyboard in Resources */ = {isa = PBXBuildFile; fileRef = 181770011DE43EF300039857 /* LaunchScreen.storyboard */; };
		181EE2101DE546B500F4A27D /* TYWTabBarController.swift in Sources */ = {isa = PBXBuildFile; fileRef = 181EE20F1DE546B500F4A27D /* TYWTabBarController.swift */; };
		181EE2151DE5489800F4A27D /* TYWConst.swift in Sources */ = {isa = PBXBuildFile; fileRef = 181EE2141DE5489800F4A27D /* TYWConst.swift */; };
		181EE2181DE5496400F4A27D /* TYWNewFeatureViewController.swift in Sources */ = {isa = PBXBuildFile; fileRef = 181EE2171DE5496400F4A27D /* TYWNewFeatureViewController.swift */; };
		181FF2551DE6A35200E1AA46 /* TYWSearchViewController.swift in Sources */ = {isa = PBXBuildFile; fileRef = 181FF2541DE6A35200E1AA46 /* TYWSearchViewController.swift */; };
		181FF2571DE6ABC300E1AA46 /* TYWNetworkTool.swift in Sources */ = {isa = PBXBuildFile; fileRef = 181FF2561DE6ABC300E1AA46 /* TYWNetworkTool.swift */; };
		181FF2591DE6B8E200E1AA46 /* TYWTopicViewController.swift in Sources */ = {isa = PBXBuildFile; fileRef = 181FF2581DE6B8E200E1AA46 /* TYWTopicViewController.swift */; };
		182431B91DE84E6B003D57EA /* TYWHomeItem.swift in Sources */ = {isa = PBXBuildFile; fileRef = 182431B81DE84E6B003D57EA /* TYWHomeItem.swift */; };
		182431BC1DE8517A003D57EA /* TYWHomeCell.swift in Sources */ = {isa = PBXBuildFile; fileRef = 182431BA1DE8517A003D57EA /* TYWHomeCell.swift */; };
		182431BD1DE8517A003D57EA /* TYWHomeCell.xib in Resources */ = {isa = PBXBuildFile; fileRef = 182431BB1DE8517A003D57EA /* TYWHomeCell.xib */; };
		F1C081205DF46DBE4A773A2E /* Pods_LearnSwift.framework in Frameworks */ = {isa = PBXBuildFile; fileRef = DCDE3B9945CC264D99A7970C /* Pods_LearnSwift.framework */; };
/* End PBXBuildFile section */

/* Begin PBXFileReference section */
		0405DCE61DE73F46001F251D /* UIView+Extension.swift */ = {isa = PBXFileReference; fileEncoding = 4; lastKnownFileType = sourcecode.swift; path = "UIView+Extension.swift"; sourceTree = "<group>"; };
		0440F4A81DE5D53900B098D1 /* TYWNavigationController.swift */ = {isa = PBXFileReference; fileEncoding = 4; lastKnownFileType = sourcecode.swift; path = TYWNavigationController.swift; sourceTree = "<group>"; };
		0440F4B21DE5EFBD00B098D1 /* TYWBaseViewController.swift */ = {isa = PBXFileReference; fileEncoding = 4; lastKnownFileType = sourcecode.swift; path = TYWBaseViewController.swift; sourceTree = "<group>"; };
		0440F4B51DE5F3D300B098D1 /* TYWCategoryViewController.swift */ = {isa = PBXFileReference; fileEncoding = 4; lastKnownFileType = sourcecode.swift; path = TYWCategoryViewController.swift; sourceTree = "<group>"; };
		0440F4B71DE5F3D300B098D1 /* TYWDanPinViewController.swift */ = {isa = PBXFileReference; fileEncoding = 4; lastKnownFileType = sourcecode.swift; path = TYWDanPinViewController.swift; sourceTree = "<group>"; };
		0440F4B91DE5F3D300B098D1 /* TYWDanTangViewController.swift */ = {isa = PBXFileReference; fileEncoding = 4; lastKnownFileType = sourcecode.swift; path = TYWDanTangViewController.swift; sourceTree = "<group>"; };
		0440F4BE1DE5F3E700B098D1 /* TYWMeViewController.swift */ = {isa = PBXFileReference; fileEncoding = 4; lastKnownFileType = sourcecode.swift; path = TYWMeViewController.swift; sourceTree = "<group>"; };
		0440F4C01DE5F43B00B098D1 /* TYWChannel.swift */ = {isa = PBXFileReference; fileEncoding = 4; lastKnownFileType = sourcecode.swift; name = TYWChannel.swift; path = ../TYWChannel.swift; sourceTree = "<group>"; };
		18176FF51DE43EF300039857 /* LearnSwift.app */ = {isa = PBXFileReference; explicitFileType = wrapper.application; includeInIndex = 0; path = LearnSwift.app; sourceTree = BUILT_PRODUCTS_DIR; };
		18176FF81DE43EF300039857 /* AppDelegate.swift */ = {isa = PBXFileReference; lastKnownFileType = sourcecode.swift; path = AppDelegate.swift; sourceTree = "<group>"; };
		18176FFF1DE43EF300039857 /* Assets.xcassets */ = {isa = PBXFileReference; lastKnownFileType = folder.assetcatalog; path = Assets.xcassets; sourceTree = "<group>"; };
		181770021DE43EF300039857 /* Base */ = {isa = PBXFileReference; lastKnownFileType = file.storyboard; name = Base; path = Base.lproj/LaunchScreen.storyboard; sourceTree = "<group>"; };
		181770041DE43EF300039857 /* Info.plist */ = {isa = PBXFileReference; lastKnownFileType = text.plist.xml; path = Info.plist; sourceTree = "<group>"; };
		181EE20F1DE546B500F4A27D /* TYWTabBarController.swift */ = {isa = PBXFileReference; fileEncoding = 4; lastKnownFileType = sourcecode.swift; path = TYWTabBarController.swift; sourceTree = "<group>"; };
		181EE2141DE5489800F4A27D /* TYWConst.swift */ = {isa = PBXFileReference; fileEncoding = 4; lastKnownFileType = sourcecode.swift; path = TYWConst.swift; sourceTree = "<group>"; };
		181EE2171DE5496400F4A27D /* TYWNewFeatureViewController.swift */ = {isa = PBXFileReference; fileEncoding = 4; lastKnownFileType = sourcecode.swift; path = TYWNewFeatureViewController.swift; sourceTree = "<group>"; };
		181FF2541DE6A35200E1AA46 /* TYWSearchViewController.swift */ = {isa = PBXFileReference; fileEncoding = 4; lastKnownFileType = sourcecode.swift; name = TYWSearchViewController.swift; path = ../TYWSearchViewController.swift; sourceTree = "<group>"; };
		181FF2561DE6ABC300E1AA46 /* TYWNetworkTool.swift */ = {isa = PBXFileReference; fileEncoding = 4; lastKnownFileType = sourcecode.swift; path = TYWNetworkTool.swift; sourceTree = "<group>"; };
		181FF2581DE6B8E200E1AA46 /* TYWTopicViewController.swift */ = {isa = PBXFileReference; fileEncoding = 4; lastKnownFileType = sourcecode.swift; name = TYWTopicViewController.swift; path = ../TYWTopicViewController.swift; sourceTree = "<group>"; };
		182431B81DE84E6B003D57EA /* TYWHomeItem.swift */ = {isa = PBXFileReference; fileEncoding = 4; lastKnownFileType = sourcecode.swift; path = TYWHomeItem.swift; sourceTree = "<group>"; };
		182431BA1DE8517A003D57EA /* TYWHomeCell.swift */ = {isa = PBXFileReference; fileEncoding = 4; lastKnownFileType = sourcecode.swift; path = TYWHomeCell.swift; sourceTree = "<group>"; };
		182431BB1DE8517A003D57EA /* TYWHomeCell.xib */ = {isa = PBXFileReference; fileEncoding = 4; lastKnownFileType = file.xib; path = TYWHomeCell.xib; sourceTree = "<group>"; };
		ACB34E3DDAD2A14BA006D9F4 /* Pods-LearnSwift.release.xcconfig */ = {isa = PBXFileReference; includeInIndex = 1; lastKnownFileType = text.xcconfig; name = "Pods-LearnSwift.release.xcconfig"; path = "Pods/Target Support Files/Pods-LearnSwift/Pods-LearnSwift.release.xcconfig"; sourceTree = "<group>"; };
		DCDE3B9945CC264D99A7970C /* Pods_LearnSwift.framework */ = {isa = PBXFileReference; explicitFileType = wrapper.framework; includeInIndex = 0; path = Pods_LearnSwift.framework; sourceTree = BUILT_PRODUCTS_DIR; };
		DCFE272751ED0FB0DB41BC15 /* Pods-LearnSwift.debug.xcconfig */ = {isa = PBXFileReference; includeInIndex = 1; lastKnownFileType = text.xcconfig; name = "Pods-LearnSwift.debug.xcconfig"; path = "Pods/Target Support Files/Pods-LearnSwift/Pods-LearnSwift.debug.xcconfig"; sourceTree = "<group>"; };
/* End PBXFileReference section */

/* Begin PBXFrameworksBuildPhase section */
		18176FF21DE43EF300039857 /* Frameworks */ = {
			isa = PBXFrameworksBuildPhase;
			buildActionMask = 2147483647;
			files = (
				F1C081205DF46DBE4A773A2E /* Pods_LearnSwift.framework in Frameworks */,
			);
			runOnlyForDeploymentPostprocessing = 0;
		};
/* End PBXFrameworksBuildPhase section */

/* Begin PBXGroup section */
		0440F4B41DE5F3D300B098D1 /* Category */ = {
			isa = PBXGroup;
			children = (
				0440F4B51DE5F3D300B098D1 /* TYWCategoryViewController.swift */,
			);
			path = Category;
			sourceTree = "<group>";
		};
		0440F4B61DE5F3D300B098D1 /* DanPin */ = {
			isa = PBXGroup;
			children = (
				0440F4B71DE5F3D300B098D1 /* TYWDanPinViewController.swift */,
			);
			path = DanPin;
			sourceTree = "<group>";
		};
		0440F4B81DE5F3D300B098D1 /* DanTang */ = {
			isa = PBXGroup;
			children = (
				0440F4B91DE5F3D300B098D1 /* TYWDanTangViewController.swift */,
				182431B51DE84E42003D57EA /* Controller */,
				182431B61DE84E42003D57EA /* Model */,
				182431B71DE84E42003D57EA /* View */,
			);
			path = DanTang;
			sourceTree = "<group>";
		};
		0440F4BD1DE5F3E700B098D1 /* Me */ = {
			isa = PBXGroup;
			children = (
				0440F4BE1DE5F3E700B098D1 /* TYWMeViewController.swift */,
			);
			path = Me;
			sourceTree = "<group>";
		};
		18176FEC1DE43EF300039857 = {
			isa = PBXGroup;
			children = (
				18176FF71DE43EF300039857 /* LearnSwift */,
				18176FF61DE43EF300039857 /* Products */,
				E9843E1E79342508FE392F55 /* Pods */,
				9F1C5FE0AF44E0B3A2172F18 /* Frameworks */,
			);
			sourceTree = "<group>";
		};
		18176FF61DE43EF300039857 /* Products */ = {
			isa = PBXGroup;
			children = (
				18176FF51DE43EF300039857 /* LearnSwift.app */,
			);
			name = Products;
			sourceTree = "<group>";
		};
		18176FF71DE43EF300039857 /* LearnSwift */ = {
			isa = PBXGroup;
			children = (
				18176FF81DE43EF300039857 /* AppDelegate.swift */,
				181EE20F1DE546B500F4A27D /* TYWTabBarController.swift */,
				0440F4A81DE5D53900B098D1 /* TYWNavigationController.swift */,
				0440F4B21DE5EFBD00B098D1 /* TYWBaseViewController.swift */,
				0440F4B81DE5F3D300B098D1 /* DanTang */,
				0440F4B61DE5F3D300B098D1 /* DanPin */,
				0440F4B41DE5F3D300B098D1 /* Category */,
				0440F4BD1DE5F3E700B098D1 /* Me */,
				181EE2111DE547FB00F4A27D /* Tools */,
				181EE2161DE5492700F4A27D /* Login&Register */,
				181EE20C1DE5446700F4A27D /* Supports */,
			);
			path = LearnSwift;
			sourceTree = "<group>";
		};
		181EE20C1DE5446700F4A27D /* Supports */ = {
			isa = PBXGroup;
			children = (
				18176FFF1DE43EF300039857 /* Assets.xcassets */,
				181770011DE43EF300039857 /* LaunchScreen.storyboard */,
				181770041DE43EF300039857 /* Info.plist */,
			);
			name = Supports;
			sourceTree = "<group>";
		};
		181EE2111DE547FB00F4A27D /* Tools */ = {
			isa = PBXGroup;
			children = (
				181EE2141DE5489800F4A27D /* TYWConst.swift */,
				181FF2561DE6ABC300E1AA46 /* TYWNetworkTool.swift */,
				0405DCE61DE73F46001F251D /* UIView+Extension.swift */,
			);
			path = Tools;
			sourceTree = "<group>";
		};
		181EE2161DE5492700F4A27D /* Login&Register */ = {
			isa = PBXGroup;
			children = (
				181EE2171DE5496400F4A27D /* TYWNewFeatureViewController.swift */,
			);
			path = "Login&Register";
			sourceTree = "<group>";
		};
		182431B51DE84E42003D57EA /* Controller */ = {
			isa = PBXGroup;
			children = (
				181FF2541DE6A35200E1AA46 /* TYWSearchViewController.swift */,
				181FF2581DE6B8E200E1AA46 /* TYWTopicViewController.swift */,
			);
			path = Controller;
			sourceTree = "<group>";
		};
		182431B61DE84E42003D57EA /* Model */ = {
			isa = PBXGroup;
			children = (
				0440F4C01DE5F43B00B098D1 /* TYWChannel.swift */,
				182431B81DE84E6B003D57EA /* TYWHomeItem.swift */,
			);
			path = Model;
			sourceTree = "<group>";
		};
		182431B71DE84E42003D57EA /* View */ = {
			isa = PBXGroup;
			children = (
				182431BA1DE8517A003D57EA /* TYWHomeCell.swift */,
				182431BB1DE8517A003D57EA /* TYWHomeCell.xib */,
			);
			path = View;
			sourceTree = "<group>";
		};
		9F1C5FE0AF44E0B3A2172F18 /* Frameworks */ = {
			isa = PBXGroup;
			children = (
				DCDE3B9945CC264D99A7970C /* Pods_LearnSwift.framework */,
			);
			name = Frameworks;
			sourceTree = "<group>";
		};
		E9843E1E79342508FE392F55 /* Pods */ = {
			isa = PBXGroup;
			children = (
				DCFE272751ED0FB0DB41BC15 /* Pods-LearnSwift.debug.xcconfig */,
				ACB34E3DDAD2A14BA006D9F4 /* Pods-LearnSwift.release.xcconfig */,
			);
			name = Pods;
			sourceTree = "<group>";
		};
/* End PBXGroup section */

/* Begin PBXNativeTarget section */
		18176FF41DE43EF300039857 /* LearnSwift */ = {
			isa = PBXNativeTarget;
			buildConfigurationList = 181770071DE43EF300039857 /* Build configuration list for PBXNativeTarget "LearnSwift" */;
			buildPhases = (
				D107CF2E20B9286AB09B5AF4 /* [CP] Check Pods Manifest.lock */,
				18176FF11DE43EF300039857 /* Sources */,
				18176FF21DE43EF300039857 /* Frameworks */,
				18176FF31DE43EF300039857 /* Resources */,
				5B297EFF8994C9F69387D1AE /* [CP] Embed Pods Frameworks */,
				21FB2732F4382C5D8D7093FC /* [CP] Copy Pods Resources */,
			);
			buildRules = (
			);
			dependencies = (
			);
			name = LearnSwift;
			productName = LearnSwift;
			productReference = 18176FF51DE43EF300039857 /* LearnSwift.app */;
			productType = "com.apple.product-type.application";
		};
/* End PBXNativeTarget section */

/* Begin PBXProject section */
		18176FED1DE43EF300039857 /* Project object */ = {
			isa = PBXProject;
			attributes = {
				CLASSPREFIX = TYW;
				LastSwiftUpdateCheck = 0800;
				LastUpgradeCheck = 0800;
				ORGANIZATIONNAME = tyw;
				TargetAttributes = {
					18176FF41DE43EF300039857 = {
						CreatedOnToolsVersion = 8.0;
						DevelopmentTeam = 43N8XS27WY;
						ProvisioningStyle = Automatic;
					};
				};
			};
			buildConfigurationList = 18176FF01DE43EF300039857 /* Build configuration list for PBXProject "LearnSwift" */;
			compatibilityVersion = "Xcode 3.2";
			developmentRegion = English;
			hasScannedForEncodings = 0;
			knownRegions = (
				en,
				Base,
			);
			mainGroup = 18176FEC1DE43EF300039857;
			productRefGroup = 18176FF61DE43EF300039857 /* Products */;
			projectDirPath = "";
			projectRoot = "";
			targets = (
				18176FF41DE43EF300039857 /* LearnSwift */,
			);
		};
/* End PBXProject section */

/* Begin PBXResourcesBuildPhase section */
		18176FF31DE43EF300039857 /* Resources */ = {
			isa = PBXResourcesBuildPhase;
			buildActionMask = 2147483647;
			files = (
				181770031DE43EF300039857 /* LaunchScreen.storyboard in Resources */,
				181770001DE43EF300039857 /* Assets.xcassets in Resources */,
				182431BD1DE8517A003D57EA /* TYWHomeCell.xib in Resources */,
			);
			runOnlyForDeploymentPostprocessing = 0;
		};
/* End PBXResourcesBuildPhase section */

/* Begin PBXShellScriptBuildPhase section */
		21FB2732F4382C5D8D7093FC /* [CP] Copy Pods Resources */ = {
			isa = PBXShellScriptBuildPhase;
			buildActionMask = 2147483647;
			files = (
			);
			inputPaths = (
			);
			name = "[CP] Copy Pods Resources";
			outputPaths = (
			);
			runOnlyForDeploymentPostprocessing = 0;
			shellPath = /bin/sh;
			shellScript = "\"${SRCROOT}/Pods/Target Support Files/Pods-LearnSwift/Pods-LearnSwift-resources.sh\"\n";
			showEnvVarsInLog = 0;
		};
		5B297EFF8994C9F69387D1AE /* [CP] Embed Pods Frameworks */ = {
			isa = PBXShellScriptBuildPhase;
			buildActionMask = 2147483647;
			files = (
			);
			inputPaths = (
			);
			name = "[CP] Embed Pods Frameworks";
			outputPaths = (
			);
			runOnlyForDeploymentPostprocessing = 0;
			shellPath = /bin/sh;
			shellScript = "\"${SRCROOT}/Pods/Target Support Files/Pods-LearnSwift/Pods-LearnSwift-frameworks.sh\"\n";
			showEnvVarsInLog = 0;
		};
		D107CF2E20B9286AB09B5AF4 /* [CP] Check Pods Manifest.lock */ = {
			isa = PBXShellScriptBuildPhase;
			buildActionMask = 2147483647;
			files = (
			);
			inputPaths = (
			);
			name = "[CP] Check Pods Manifest.lock";
			outputPaths = (
			);
			runOnlyForDeploymentPostprocessing = 0;
			shellPath = /bin/sh;
			shellScript = "diff \"${PODS_ROOT}/../Podfile.lock\" \"${PODS_ROOT}/Manifest.lock\" > /dev/null\nif [ $? != 0 ] ; then\n    # print error to STDERR\n    echo \"error: The sandbox is not in sync with the Podfile.lock. Run 'pod install' or update your CocoaPods installation.\" >&2\n    exit 1\nfi\n";
			showEnvVarsInLog = 0;
		};
/* End PBXShellScriptBuildPhase section */

/* Begin PBXSourcesBuildPhase section */
		18176FF11DE43EF300039857 /* Sources */ = {
			isa = PBXSourcesBuildPhase;
			buildActionMask = 2147483647;
			files = (
				182431BC1DE8517A003D57EA /* TYWHomeCell.swift in Sources */,
				0440F4A91DE5D53900B098D1 /* TYWNavigationController.swift in Sources */,
				181EE2151DE5489800F4A27D /* TYWConst.swift in Sources */,
				0440F4BA1DE5F3D300B098D1 /* TYWCategoryViewController.swift in Sources */,
				0405DCE71DE73F46001F251D /* UIView+Extension.swift in Sources */,
				181FF2591DE6B8E200E1AA46 /* TYWTopicViewController.swift in Sources */,
				0440F4BF1DE5F3E700B098D1 /* TYWMeViewController.swift in Sources */,
				181FF2571DE6ABC300E1AA46 /* TYWNetworkTool.swift in Sources */,
				0440F4B31DE5EFBD00B098D1 /* TYWBaseViewController.swift in Sources */,
				182431B91DE84E6B003D57EA /* TYWHomeItem.swift in Sources */,
				181FF2551DE6A35200E1AA46 /* TYWSearchViewController.swift in Sources */,
				181EE2101DE546B500F4A27D /* TYWTabBarController.swift in Sources */,
				0440F4BB1DE5F3D300B098D1 /* TYWDanPinViewController.swift in Sources */,
				18176FF91DE43EF300039857 /* AppDelegate.swift in Sources */,
				0440F4C11DE5F43B00B098D1 /* TYWChannel.swift in Sources */,
				181EE2181DE5496400F4A27D /* TYWNewFeatureViewController.swift in Sources */,
				0440F4BC1DE5F3D300B098D1 /* TYWDanTangViewController.swift in Sources */,
			);
			runOnlyForDeploymentPostprocessing = 0;
		};
/* End PBXSourcesBuildPhase section */

/* Begin PBXVariantGroup section */
		181770011DE43EF300039857 /* LaunchScreen.storyboard */ = {
			isa = PBXVariantGroup;
			children = (
				181770021DE43EF300039857 /* Base */,
			);
			name = LaunchScreen.storyboard;
			sourceTree = "<group>";
		};
/* End PBXVariantGroup section */

/* Begin XCBuildConfiguration section */
		181770051DE43EF300039857 /* Debug */ = {
			isa = XCBuildConfiguration;
			buildSettings = {
				ALWAYS_SEARCH_USER_PATHS = NO;
				CLANG_ANALYZER_NONNULL = YES;
				CLANG_CXX_LANGUAGE_STANDARD = "gnu++0x";
				CLANG_CXX_LIBRARY = "libc++";
				CLANG_ENABLE_MODULES = YES;
				CLANG_ENABLE_OBJC_ARC = YES;
				CLANG_WARN_BOOL_CONVERSION = YES;
				CLANG_WARN_CONSTANT_CONVERSION = YES;
				CLANG_WARN_DIRECT_OBJC_ISA_USAGE = YES_ERROR;
				CLANG_WARN_DOCUMENTATION_COMMENTS = YES;
				CLANG_WARN_EMPTY_BODY = YES;
				CLANG_WARN_ENUM_CONVERSION = YES;
				CLANG_WARN_INFINITE_RECURSION = YES;
				CLANG_WARN_INT_CONVERSION = YES;
				CLANG_WARN_OBJC_ROOT_CLASS = YES_ERROR;
				CLANG_WARN_SUSPICIOUS_MOVES = YES;
				CLANG_WARN_UNREACHABLE_CODE = YES;
				CLANG_WARN__DUPLICATE_METHOD_MATCH = YES;
				"CODE_SIGN_IDENTITY[sdk=iphoneos*]" = "iPhone Developer";
				COPY_PHASE_STRIP = NO;
				DEBUG_INFORMATION_FORMAT = dwarf;
				ENABLE_STRICT_OBJC_MSGSEND = YES;
				ENABLE_TESTABILITY = YES;
				GCC_C_LANGUAGE_STANDARD = gnu99;
				GCC_DYNAMIC_NO_PIC = NO;
				GCC_NO_COMMON_BLOCKS = YES;
				GCC_OPTIMIZATION_LEVEL = 0;
				GCC_PREPROCESSOR_DEFINITIONS = (
					"DEBUG=1",
					"$(inherited)",
				);
				GCC_WARN_64_TO_32_BIT_CONVERSION = YES;
				GCC_WARN_ABOUT_RETURN_TYPE = YES_ERROR;
				GCC_WARN_UNDECLARED_SELECTOR = YES;
				GCC_WARN_UNINITIALIZED_AUTOS = YES_AGGRESSIVE;
				GCC_WARN_UNUSED_FUNCTION = YES;
				GCC_WARN_UNUSED_VARIABLE = YES;
				IPHONEOS_DEPLOYMENT_TARGET = 10.0;
				MTL_ENABLE_DEBUG_INFO = YES;
				ONLY_ACTIVE_ARCH = YES;
				SDKROOT = iphoneos;
				SWIFT_ACTIVE_COMPILATION_CONDITIONS = DEBUG;
				SWIFT_OPTIMIZATION_LEVEL = "-Onone";
				TARGETED_DEVICE_FAMILY = "1,2";
			};
			name = Debug;
		};
		181770061DE43EF300039857 /* Release */ = {
			isa = XCBuildConfiguration;
			buildSettings = {
				ALWAYS_SEARCH_USER_PATHS = NO;
				CLANG_ANALYZER_NONNULL = YES;
				CLANG_CXX_LANGUAGE_STANDARD = "gnu++0x";
				CLANG_CXX_LIBRARY = "libc++";
				CLANG_ENABLE_MODULES = YES;
				CLANG_ENABLE_OBJC_ARC = YES;
				CLANG_WARN_BOOL_CONVERSION = YES;
				CLANG_WARN_CONSTANT_CONVERSION = YES;
				CLANG_WARN_DIRECT_OBJC_ISA_USAGE = YES_ERROR;
				CLANG_WARN_DOCUMENTATION_COMMENTS = YES;
				CLANG_WARN_EMPTY_BODY = YES;
				CLANG_WARN_ENUM_CONVERSION = YES;
				CLANG_WARN_INFINITE_RECURSION = YES;
				CLANG_WARN_INT_CONVERSION = YES;
				CLANG_WARN_OBJC_ROOT_CLASS = YES_ERROR;
				CLANG_WARN_SUSPICIOUS_MOVES = YES;
				CLANG_WARN_UNREACHABLE_CODE = YES;
				CLANG_WARN__DUPLICATE_METHOD_MATCH = YES;
				"CODE_SIGN_IDENTITY[sdk=iphoneos*]" = "iPhone Developer";
				COPY_PHASE_STRIP = NO;
				DEBUG_INFORMATION_FORMAT = "dwarf-with-dsym";
				ENABLE_NS_ASSERTIONS = NO;
				ENABLE_STRICT_OBJC_MSGSEND = YES;
				GCC_C_LANGUAGE_STANDARD = gnu99;
				GCC_NO_COMMON_BLOCKS = YES;
				GCC_WARN_64_TO_32_BIT_CONVERSION = YES;
				GCC_WARN_ABOUT_RETURN_TYPE = YES_ERROR;
				GCC_WARN_UNDECLARED_SELECTOR = YES;
				GCC_WARN_UNINITIALIZED_AUTOS = YES_AGGRESSIVE;
				GCC_WARN_UNUSED_FUNCTION = YES;
				GCC_WARN_UNUSED_VARIABLE = YES;
				IPHONEOS_DEPLOYMENT_TARGET = 10.0;
				MTL_ENABLE_DEBUG_INFO = NO;
				SDKROOT = iphoneos;
				SWIFT_OPTIMIZATION_LEVEL = "-Owholemodule";
				TARGETED_DEVICE_FAMILY = "1,2";
				VALIDATE_PRODUCT = YES;
			};
			name = Release;
		};
		181770081DE43EF300039857 /* Debug */ = {
			isa = XCBuildConfiguration;
			baseConfigurationReference = DCFE272751ED0FB0DB41BC15 /* Pods-LearnSwift.debug.xcconfig */;
			buildSettings = {
				ASSETCATALOG_COMPILER_APPICON_NAME = AppIcon;
				DEVELOPMENT_TEAM = 43N8XS27WY;
				INFOPLIST_FILE = LearnSwift/Info.plist;
				IPHONEOS_DEPLOYMENT_TARGET = 9.0;
				LD_RUNPATH_SEARCH_PATHS = "$(inherited) @executable_path/Frameworks";
				PRODUCT_BUNDLE_IDENTIFIER = com.tyw.swift.LearnSwift;
				PRODUCT_NAME = "$(TARGET_NAME)";
				SWIFT_VERSION = 3.0;
			};
			name = Debug;
		};
		181770091DE43EF300039857 /* Release */ = {
			isa = XCBuildConfiguration;
			baseConfigurationReference = ACB34E3DDAD2A14BA006D9F4 /* Pods-LearnSwift.release.xcconfig */;
			buildSettings = {
				ASSETCATALOG_COMPILER_APPICON_NAME = AppIcon;
				DEVELOPMENT_TEAM = 43N8XS27WY;
				INFOPLIST_FILE = LearnSwift/Info.plist;
				IPHONEOS_DEPLOYMENT_TARGET = 9.0;
				LD_RUNPATH_SEARCH_PATHS = "$(inherited) @executable_path/Frameworks";
				PRODUCT_BUNDLE_IDENTIFIER = com.tyw.swift.LearnSwift;
				PRODUCT_NAME = "$(TARGET_NAME)";
				SWIFT_VERSION = 3.0;
			};
			name = Release;
		};
/* End XCBuildConfiguration section */

/* Begin XCConfigurationList section */
		18176FF01DE43EF300039857 /* Build configuration list for PBXProject "LearnSwift" */ = {
			isa = XCConfigurationList;
			buildConfigurations = (
				181770051DE43EF300039857 /* Debug */,
				181770061DE43EF300039857 /* Release */,
			);
			defaultConfigurationIsVisible = 0;
			defaultConfigurationName = Release;
		};
		181770071DE43EF300039857 /* Build configuration list for PBXNativeTarget "LearnSwift" */ = {
			isa = XCConfigurationList;
			buildConfigurations = (
				181770081DE43EF300039857 /* Debug */,
				181770091DE43EF300039857 /* Release */,
			);
			defaultConfigurationIsVisible = 0;
			defaultConfigurationName = Release;
		};
/* End XCConfigurationList section */
	};
	rootObject = 18176FED1DE43EF300039857 /* Project object */;
}
